// !$*UTF8*$!
{
	archiveVersion = 1;
	classes = {
	};
	objectVersion = 55;
	objects = {

/* Begin PBXBuildFile section */
		0BD6BCDEF8D36A46CC3C8B07 /* Pods_iOSys___Company_FinderTests.framework in Frameworks */ = {isa = PBXBuildFile; fileRef = EDB8AD93F9516B59FF41BB2B /* Pods_iOSys___Company_FinderTests.framework */; };
		1138E350278FA3FF00E2F67B /* AppDelegate.swift in Sources */ = {isa = PBXBuildFile; fileRef = 1138E34F278FA3FF00E2F67B /* AppDelegate.swift */; };
		1138E352278FA3FF00E2F67B /* SceneDelegate.swift in Sources */ = {isa = PBXBuildFile; fileRef = 1138E351278FA3FF00E2F67B /* SceneDelegate.swift */; };
		1138E359278FA40200E2F67B /* Assets.xcassets in Resources */ = {isa = PBXBuildFile; fileRef = 1138E358278FA40200E2F67B /* Assets.xcassets */; };
		1138E35C278FA40200E2F67B /* LaunchScreen.storyboard in Resources */ = {isa = PBXBuildFile; fileRef = 1138E35A278FA40200E2F67B /* LaunchScreen.storyboard */; };
		1138E367278FA40200E2F67B /* iOSys___Company_FinderTests.swift in Sources */ = {isa = PBXBuildFile; fileRef = 1138E366278FA40200E2F67B /* iOSys___Company_FinderTests.swift */; };
		1138E371278FA40200E2F67B /* iOSys___Company_FinderUITests.swift in Sources */ = {isa = PBXBuildFile; fileRef = 1138E370278FA40200E2F67B /* iOSys___Company_FinderUITests.swift */; };
		1138E373278FA40200E2F67B /* iOSys___Company_FinderUITestsLaunchTests.swift in Sources */ = {isa = PBXBuildFile; fileRef = 1138E372278FA40200E2F67B /* iOSys___Company_FinderUITestsLaunchTests.swift */; };
		1138E385278FB26B00E2F67B /* MainCoordinator.swift in Sources */ = {isa = PBXBuildFile; fileRef = 1138E384278FB26B00E2F67B /* MainCoordinator.swift */; };
		1138E387278FB31A00E2F67B /* LoginCoordinator.swift in Sources */ = {isa = PBXBuildFile; fileRef = 1138E386278FB31A00E2F67B /* LoginCoordinator.swift */; };
		1138E38E278FB4CE00E2F67B /* LoginViewController.swift in Sources */ = {isa = PBXBuildFile; fileRef = 1138E38C278FB4CE00E2F67B /* LoginViewController.swift */; };
		1138E38F278FB4CE00E2F67B /* LoginViewController.xib in Resources */ = {isa = PBXBuildFile; fileRef = 1138E38D278FB4CE00E2F67B /* LoginViewController.xib */; };
		1138E396278FB70A00E2F67B /* LoginService.swift in Sources */ = {isa = PBXBuildFile; fileRef = 1138E395278FB70A00E2F67B /* LoginService.swift */; };
		1138E39B278FBF0700E2F67B /* LoginModel.swift in Sources */ = {isa = PBXBuildFile; fileRef = 1138E39A278FBF0700E2F67B /* LoginModel.swift */; };
		1138E39E278FC11900E2F67B /* LoginViewModel.swift in Sources */ = {isa = PBXBuildFile; fileRef = 1138E39D278FC11900E2F67B /* LoginViewModel.swift */; };
		1138E3A3278FC1BF00E2F67B /* BaseViewController.swift in Sources */ = {isa = PBXBuildFile; fileRef = 1138E3A2278FC1BF00E2F67B /* BaseViewController.swift */; };
		1138E3AA2791053100E2F67B /* Utils.swift in Sources */ = {isa = PBXBuildFile; fileRef = 1138E3A92791053100E2F67B /* Utils.swift */; };
		1138E3AC27911EDE00E2F67B /* HeaderManager.swift in Sources */ = {isa = PBXBuildFile; fileRef = 1138E3AB27911EDE00E2F67B /* HeaderManager.swift */; };
		35242DD044478C427676D4DB /* Pods_iOSys___Company_Finder.framework in Frameworks */ = {isa = PBXBuildFile; fileRef = F470C179BAD6EAE102A1C163 /* Pods_iOSys___Company_Finder.framework */; };
		4D9CAD0EBBF9AC5212FB3ED8 /* Pods_iOSys___Company_Finder_iOSys___Company_FinderUITests.framework in Frameworks */ = {isa = PBXBuildFile; fileRef = FF2B89BE9B564942946496B5 /* Pods_iOSys___Company_Finder_iOSys___Company_FinderUITests.framework */; };
/* End PBXBuildFile section */

/* Begin PBXContainerItemProxy section */
		1138E363278FA40200E2F67B /* PBXContainerItemProxy */ = {
			isa = PBXContainerItemProxy;
			containerPortal = 1138E344278FA3FF00E2F67B /* Project object */;
			proxyType = 1;
			remoteGlobalIDString = 1138E34B278FA3FF00E2F67B;
			remoteInfo = "iOSys - Company Finder";
		};
		1138E36D278FA40200E2F67B /* PBXContainerItemProxy */ = {
			isa = PBXContainerItemProxy;
			containerPortal = 1138E344278FA3FF00E2F67B /* Project object */;
			proxyType = 1;
			remoteGlobalIDString = 1138E34B278FA3FF00E2F67B;
			remoteInfo = "iOSys - Company Finder";
		};
/* End PBXContainerItemProxy section */

/* Begin PBXFileReference section */
		1138E34C278FA3FF00E2F67B /* iOSys - Company Finder.app */ = {isa = PBXFileReference; explicitFileType = wrapper.application; includeInIndex = 0; path = "iOSys - Company Finder.app"; sourceTree = BUILT_PRODUCTS_DIR; };
		1138E34F278FA3FF00E2F67B /* AppDelegate.swift */ = {isa = PBXFileReference; lastKnownFileType = sourcecode.swift; path = AppDelegate.swift; sourceTree = "<group>"; };
		1138E351278FA3FF00E2F67B /* SceneDelegate.swift */ = {isa = PBXFileReference; lastKnownFileType = sourcecode.swift; path = SceneDelegate.swift; sourceTree = "<group>"; };
		1138E358278FA40200E2F67B /* Assets.xcassets */ = {isa = PBXFileReference; lastKnownFileType = folder.assetcatalog; path = Assets.xcassets; sourceTree = "<group>"; };
		1138E35B278FA40200E2F67B /* Base */ = {isa = PBXFileReference; lastKnownFileType = file.storyboard; name = Base; path = Base.lproj/LaunchScreen.storyboard; sourceTree = "<group>"; };
		1138E35D278FA40200E2F67B /* Info.plist */ = {isa = PBXFileReference; lastKnownFileType = text.plist.xml; path = Info.plist; sourceTree = "<group>"; };
		1138E362278FA40200E2F67B /* iOSys - Company FinderTests.xctest */ = {isa = PBXFileReference; explicitFileType = wrapper.cfbundle; includeInIndex = 0; path = "iOSys - Company FinderTests.xctest"; sourceTree = BUILT_PRODUCTS_DIR; };
		1138E366278FA40200E2F67B /* iOSys___Company_FinderTests.swift */ = {isa = PBXFileReference; lastKnownFileType = sourcecode.swift; path = "iOSys___Company_FinderTests.swift"; sourceTree = "<group>"; };
		1138E36C278FA40200E2F67B /* iOSys - Company FinderUITests.xctest */ = {isa = PBXFileReference; explicitFileType = wrapper.cfbundle; includeInIndex = 0; path = "iOSys - Company FinderUITests.xctest"; sourceTree = BUILT_PRODUCTS_DIR; };
		1138E370278FA40200E2F67B /* iOSys___Company_FinderUITests.swift */ = {isa = PBXFileReference; lastKnownFileType = sourcecode.swift; path = "iOSys___Company_FinderUITests.swift"; sourceTree = "<group>"; };
		1138E372278FA40200E2F67B /* iOSys___Company_FinderUITestsLaunchTests.swift */ = {isa = PBXFileReference; lastKnownFileType = sourcecode.swift; path = "iOSys___Company_FinderUITestsLaunchTests.swift"; sourceTree = "<group>"; };
		1138E384278FB26B00E2F67B /* MainCoordinator.swift */ = {isa = PBXFileReference; lastKnownFileType = sourcecode.swift; path = MainCoordinator.swift; sourceTree = "<group>"; };
		1138E386278FB31A00E2F67B /* LoginCoordinator.swift */ = {isa = PBXFileReference; lastKnownFileType = sourcecode.swift; path = LoginCoordinator.swift; sourceTree = "<group>"; };
		1138E38C278FB4CE00E2F67B /* LoginViewController.swift */ = {isa = PBXFileReference; lastKnownFileType = sourcecode.swift; path = LoginViewController.swift; sourceTree = "<group>"; };
		1138E38D278FB4CE00E2F67B /* LoginViewController.xib */ = {isa = PBXFileReference; lastKnownFileType = file.xib; path = LoginViewController.xib; sourceTree = "<group>"; };
		1138E395278FB70A00E2F67B /* LoginService.swift */ = {isa = PBXFileReference; lastKnownFileType = sourcecode.swift; path = LoginService.swift; sourceTree = "<group>"; };
		1138E39A278FBF0700E2F67B /* LoginModel.swift */ = {isa = PBXFileReference; lastKnownFileType = sourcecode.swift; path = LoginModel.swift; sourceTree = "<group>"; };
		1138E39D278FC11900E2F67B /* LoginViewModel.swift */ = {isa = PBXFileReference; lastKnownFileType = sourcecode.swift; path = LoginViewModel.swift; sourceTree = "<group>"; };
		1138E3A2278FC1BF00E2F67B /* BaseViewController.swift */ = {isa = PBXFileReference; lastKnownFileType = sourcecode.swift; path = BaseViewController.swift; sourceTree = "<group>"; };
		1138E3A92791053100E2F67B /* Utils.swift */ = {isa = PBXFileReference; lastKnownFileType = sourcecode.swift; path = Utils.swift; sourceTree = "<group>"; };
		1138E3AB27911EDE00E2F67B /* HeaderManager.swift */ = {isa = PBXFileReference; lastKnownFileType = sourcecode.swift; path = HeaderManager.swift; sourceTree = "<group>"; };
		566C6B0DD90F265B84FB42E2 /* Pods-iOSys - Company Finder.release.xcconfig */ = {isa = PBXFileReference; includeInIndex = 1; lastKnownFileType = text.xcconfig; name = "Pods-iOSys - Company Finder.release.xcconfig"; path = "Target Support Files/Pods-iOSys - Company Finder/Pods-iOSys - Company Finder.release.xcconfig"; sourceTree = "<group>"; };
		776C90869EF96BB7C9A5A28E /* Pods-iOSys - Company Finder.debug.xcconfig */ = {isa = PBXFileReference; includeInIndex = 1; lastKnownFileType = text.xcconfig; name = "Pods-iOSys - Company Finder.debug.xcconfig"; path = "Target Support Files/Pods-iOSys - Company Finder/Pods-iOSys - Company Finder.debug.xcconfig"; sourceTree = "<group>"; };
		79AD966592AE916AA6F98E96 /* Pods-iOSys - Company Finder-iOSys - Company FinderUITests.debug.xcconfig */ = {isa = PBXFileReference; includeInIndex = 1; lastKnownFileType = text.xcconfig; name = "Pods-iOSys - Company Finder-iOSys - Company FinderUITests.debug.xcconfig"; path = "Target Support Files/Pods-iOSys - Company Finder-iOSys - Company FinderUITests/Pods-iOSys - Company Finder-iOSys - Company FinderUITests.debug.xcconfig"; sourceTree = "<group>"; };
		7B489417A0EFECC499CA555F /* Pods-iOSys - Company FinderTests.release.xcconfig */ = {isa = PBXFileReference; includeInIndex = 1; lastKnownFileType = text.xcconfig; name = "Pods-iOSys - Company FinderTests.release.xcconfig"; path = "Target Support Files/Pods-iOSys - Company FinderTests/Pods-iOSys - Company FinderTests.release.xcconfig"; sourceTree = "<group>"; };
		C8DBD4BDA18DE8573C600E26 /* Pods-iOSys - Company FinderTests.debug.xcconfig */ = {isa = PBXFileReference; includeInIndex = 1; lastKnownFileType = text.xcconfig; name = "Pods-iOSys - Company FinderTests.debug.xcconfig"; path = "Target Support Files/Pods-iOSys - Company FinderTests/Pods-iOSys - Company FinderTests.debug.xcconfig"; sourceTree = "<group>"; };
		ED9BCCE70707621DF0897E99 /* Pods-iOSys - Company Finder-iOSys - Company FinderUITests.release.xcconfig */ = {isa = PBXFileReference; includeInIndex = 1; lastKnownFileType = text.xcconfig; name = "Pods-iOSys - Company Finder-iOSys - Company FinderUITests.release.xcconfig"; path = "Target Support Files/Pods-iOSys - Company Finder-iOSys - Company FinderUITests/Pods-iOSys - Company Finder-iOSys - Company FinderUITests.release.xcconfig"; sourceTree = "<group>"; };
		EDB8AD93F9516B59FF41BB2B /* Pods_iOSys___Company_FinderTests.framework */ = {isa = PBXFileReference; explicitFileType = wrapper.framework; includeInIndex = 0; path = "Pods_iOSys___Company_FinderTests.framework"; sourceTree = BUILT_PRODUCTS_DIR; };
		F470C179BAD6EAE102A1C163 /* Pods_iOSys___Company_Finder.framework */ = {isa = PBXFileReference; explicitFileType = wrapper.framework; includeInIndex = 0; path = "Pods_iOSys___Company_Finder.framework"; sourceTree = BUILT_PRODUCTS_DIR; };
		FF2B89BE9B564942946496B5 /* Pods_iOSys___Company_Finder_iOSys___Company_FinderUITests.framework */ = {isa = PBXFileReference; explicitFileType = wrapper.framework; includeInIndex = 0; path = "Pods_iOSys___Company_Finder_iOSys___Company_FinderUITests.framework"; sourceTree = BUILT_PRODUCTS_DIR; };
/* End PBXFileReference section */

/* Begin PBXFrameworksBuildPhase section */
		1138E349278FA3FF00E2F67B /* Frameworks */ = {
			isa = PBXFrameworksBuildPhase;
			buildActionMask = 2147483647;
			files = (
				35242DD044478C427676D4DB /* Pods_iOSys___Company_Finder.framework in Frameworks */,
			);
			runOnlyForDeploymentPostprocessing = 0;
		};
		1138E35F278FA40200E2F67B /* Frameworks */ = {
			isa = PBXFrameworksBuildPhase;
			buildActionMask = 2147483647;
			files = (
				0BD6BCDEF8D36A46CC3C8B07 /* Pods_iOSys___Company_FinderTests.framework in Frameworks */,
			);
			runOnlyForDeploymentPostprocessing = 0;
		};
		1138E369278FA40200E2F67B /* Frameworks */ = {
			isa = PBXFrameworksBuildPhase;
			buildActionMask = 2147483647;
			files = (
				4D9CAD0EBBF9AC5212FB3ED8 /* Pods_iOSys___Company_Finder_iOSys___Company_FinderUITests.framework in Frameworks */,
			);
			runOnlyForDeploymentPostprocessing = 0;
		};
/* End PBXFrameworksBuildPhase section */

/* Begin PBXGroup section */
		1138E343278FA3FF00E2F67B = {
			isa = PBXGroup;
			children = (
				1138E34E278FA3FF00E2F67B /* iOSys - Company Finder */,
				1138E365278FA40200E2F67B /* iOSys - Company FinderTests */,
				1138E36F278FA40200E2F67B /* iOSys - Company FinderUITests */,
				1138E34D278FA3FF00E2F67B /* Products */,
				5044A87774E858C232F85FD3 /* Pods */,
				34F7309B6132ABB822B7BC93 /* Frameworks */,
			);
			sourceTree = "<group>";
		};
		1138E34D278FA3FF00E2F67B /* Products */ = {
			isa = PBXGroup;
			children = (
				1138E34C278FA3FF00E2F67B /* iOSys - Company Finder.app */,
				1138E362278FA40200E2F67B /* iOSys - Company FinderTests.xctest */,
				1138E36C278FA40200E2F67B /* iOSys - Company FinderUITests.xctest */,
			);
			name = Products;
			sourceTree = "<group>";
		};
		1138E34E278FA3FF00E2F67B /* iOSys - Company Finder */ = {
			isa = PBXGroup;
			children = (
				1138E389278FB4B200E2F67B /* App */,
				1138E383278FB25C00E2F67B /* Coordinator */,
				1138E382278FB23B00E2F67B /* BaseApp */,
				1138E37F278FA41400E2F67B /* Network */,
				1138E358278FA40200E2F67B /* Assets.xcassets */,
				1138E35A278FA40200E2F67B /* LaunchScreen.storyboard */,
				1138E35D278FA40200E2F67B /* Info.plist */,
			);
			path = "iOSys - Company Finder";
			sourceTree = "<group>";
		};
		1138E365278FA40200E2F67B /* iOSys - Company FinderTests */ = {
			isa = PBXGroup;
			children = (
				1138E366278FA40200E2F67B /* iOSys___Company_FinderTests.swift */,
			);
			path = "iOSys - Company FinderTests";
			sourceTree = "<group>";
		};
		1138E36F278FA40200E2F67B /* iOSys - Company FinderUITests */ = {
			isa = PBXGroup;
			children = (
				1138E370278FA40200E2F67B /* iOSys___Company_FinderUITests.swift */,
				1138E372278FA40200E2F67B /* iOSys___Company_FinderUITestsLaunchTests.swift */,
			);
			path = "iOSys - Company FinderUITests";
			sourceTree = "<group>";
		};
		1138E37F278FA41400E2F67B /* Network */ = {
			isa = PBXGroup;
			children = (
				1138E391278FB6EE00E2F67B /* Login */,
				1138E3AB27911EDE00E2F67B /* HeaderManager.swift */,
			);
			path = Network;
			sourceTree = "<group>";
		};
		1138E382278FB23B00E2F67B /* BaseApp */ = {
			isa = PBXGroup;
			children = (
				1138E34F278FA3FF00E2F67B /* AppDelegate.swift */,
				1138E351278FA3FF00E2F67B /* SceneDelegate.swift */,
				1138E3A2278FC1BF00E2F67B /* BaseViewController.swift */,
			);
			path = BaseApp;
			sourceTree = "<group>";
		};
		1138E383278FB25C00E2F67B /* Coordinator */ = {
			isa = PBXGroup;
			children = (
				1138E384278FB26B00E2F67B /* MainCoordinator.swift */,
				1138E386278FB31A00E2F67B /* LoginCoordinator.swift */,
			);
			path = Coordinator;
			sourceTree = "<group>";
		};
		1138E389278FB4B200E2F67B /* App */ = {
			isa = PBXGroup;
			children = (
				1138E38A278FB4B700E2F67B /* Login */,
				1138E3A92791053100E2F67B /* Utils.swift */,
			);
			path = App;
			sourceTree = "<group>";
		};
		1138E38A278FB4B700E2F67B /* Login */ = {
			isa = PBXGroup;
			children = (
				1138E39C278FC10C00E2F67B /* ViewModel */,
				1138E399278FBEFB00E2F67B /* Model */,
				1138E38B278FB4BC00E2F67B /* View */,
			);
			path = Login;
			sourceTree = "<group>";
		};
		1138E38B278FB4BC00E2F67B /* View */ = {
			isa = PBXGroup;
			children = (
				1138E38C278FB4CE00E2F67B /* LoginViewController.swift */,
				1138E38D278FB4CE00E2F67B /* LoginViewController.xib */,
			);
			path = View;
			sourceTree = "<group>";
		};
		1138E391278FB6EE00E2F67B /* Login */ = {
			isa = PBXGroup;
			children = (
				1138E395278FB70A00E2F67B /* LoginService.swift */,
			);
			path = Login;
			sourceTree = "<group>";
		};
		1138E399278FBEFB00E2F67B /* Model */ = {
			isa = PBXGroup;
			children = (
				1138E39A278FBF0700E2F67B /* LoginModel.swift */,
			);
			path = Model;
			sourceTree = "<group>";
		};
		1138E39C278FC10C00E2F67B /* ViewModel */ = {
			isa = PBXGroup;
			children = (
				1138E39D278FC11900E2F67B /* LoginViewModel.swift */,
			);
			path = ViewModel;
			sourceTree = "<group>";
		};
		34F7309B6132ABB822B7BC93 /* Frameworks */ = {
			isa = PBXGroup;
			children = (
				F470C179BAD6EAE102A1C163 /* Pods_iOSys___Company_Finder.framework */,
				FF2B89BE9B564942946496B5 /* Pods_iOSys___Company_Finder_iOSys___Company_FinderUITests.framework */,
				EDB8AD93F9516B59FF41BB2B /* Pods_iOSys___Company_FinderTests.framework */,
			);
			name = Frameworks;
			sourceTree = "<group>";
		};
		5044A87774E858C232F85FD3 /* Pods */ = {
			isa = PBXGroup;
			children = (
				776C90869EF96BB7C9A5A28E /* Pods-iOSys - Company Finder.debug.xcconfig */,
				566C6B0DD90F265B84FB42E2 /* Pods-iOSys - Company Finder.release.xcconfig */,
				79AD966592AE916AA6F98E96 /* Pods-iOSys - Company Finder-iOSys - Company FinderUITests.debug.xcconfig */,
				ED9BCCE70707621DF0897E99 /* Pods-iOSys - Company Finder-iOSys - Company FinderUITests.release.xcconfig */,
				C8DBD4BDA18DE8573C600E26 /* Pods-iOSys - Company FinderTests.debug.xcconfig */,
				7B489417A0EFECC499CA555F /* Pods-iOSys - Company FinderTests.release.xcconfig */,
			);
			path = Pods;
			sourceTree = "<group>";
		};
/* End PBXGroup section */

/* Begin PBXNativeTarget section */
		1138E34B278FA3FF00E2F67B /* iOSys - Company Finder */ = {
			isa = PBXNativeTarget;
			buildConfigurationList = 1138E376278FA40200E2F67B /* Build configuration list for PBXNativeTarget "iOSys - Company Finder" */;
			buildPhases = (
				4E19F13D42F026FBB8A84C98 /* [CP] Check Pods Manifest.lock */,
				1138E348278FA3FF00E2F67B /* Sources */,
				1138E349278FA3FF00E2F67B /* Frameworks */,
				1138E34A278FA3FF00E2F67B /* Resources */,
				58CC799C2A29BC6093D27472 /* [CP] Embed Pods Frameworks */,
			);
			buildRules = (
			);
			dependencies = (
			);
			name = "iOSys - Company Finder";
			productName = "iOSys - Company Finder";
			productReference = 1138E34C278FA3FF00E2F67B /* iOSys - Company Finder.app */;
			productType = "com.apple.product-type.application";
		};
		1138E361278FA40200E2F67B /* iOSys - Company FinderTests */ = {
			isa = PBXNativeTarget;
			buildConfigurationList = 1138E379278FA40200E2F67B /* Build configuration list for PBXNativeTarget "iOSys - Company FinderTests" */;
			buildPhases = (
				F0BD2254DC776769635C3FBA /* [CP] Check Pods Manifest.lock */,
				1138E35E278FA40200E2F67B /* Sources */,
				1138E35F278FA40200E2F67B /* Frameworks */,
				1138E360278FA40200E2F67B /* Resources */,
			);
			buildRules = (
			);
			dependencies = (
				1138E364278FA40200E2F67B /* PBXTargetDependency */,
			);
			name = "iOSys - Company FinderTests";
			productName = "iOSys - Company FinderTests";
			productReference = 1138E362278FA40200E2F67B /* iOSys - Company FinderTests.xctest */;
			productType = "com.apple.product-type.bundle.unit-test";
		};
		1138E36B278FA40200E2F67B /* iOSys - Company FinderUITests */ = {
			isa = PBXNativeTarget;
			buildConfigurationList = 1138E37C278FA40200E2F67B /* Build configuration list for PBXNativeTarget "iOSys - Company FinderUITests" */;
			buildPhases = (
				851D976334EA5D1B59FD87E4 /* [CP] Check Pods Manifest.lock */,
				1138E368278FA40200E2F67B /* Sources */,
				1138E369278FA40200E2F67B /* Frameworks */,
				1138E36A278FA40200E2F67B /* Resources */,
				0FE867ED542E4E15F9CABB05 /* [CP] Embed Pods Frameworks */,
			);
			buildRules = (
			);
			dependencies = (
				1138E36E278FA40200E2F67B /* PBXTargetDependency */,
			);
			name = "iOSys - Company FinderUITests";
			productName = "iOSys - Company FinderUITests";
			productReference = 1138E36C278FA40200E2F67B /* iOSys - Company FinderUITests.xctest */;
			productType = "com.apple.product-type.bundle.ui-testing";
		};
/* End PBXNativeTarget section */

/* Begin PBXProject section */
		1138E344278FA3FF00E2F67B /* Project object */ = {
			isa = PBXProject;
			attributes = {
				BuildIndependentTargetsInParallel = 1;
				LastSwiftUpdateCheck = 1310;
				LastUpgradeCheck = 1310;
				TargetAttributes = {
					1138E34B278FA3FF00E2F67B = {
						CreatedOnToolsVersion = 13.1;
					};
					1138E361278FA40200E2F67B = {
						CreatedOnToolsVersion = 13.1;
						TestTargetID = 1138E34B278FA3FF00E2F67B;
					};
					1138E36B278FA40200E2F67B = {
						CreatedOnToolsVersion = 13.1;
						TestTargetID = 1138E34B278FA3FF00E2F67B;
					};
				};
			};
			buildConfigurationList = 1138E347278FA3FF00E2F67B /* Build configuration list for PBXProject "iOSys - Company Finder" */;
			compatibilityVersion = "Xcode 13.0";
			developmentRegion = en;
			hasScannedForEncodings = 0;
			knownRegions = (
				en,
				Base,
			);
			mainGroup = 1138E343278FA3FF00E2F67B;
			productRefGroup = 1138E34D278FA3FF00E2F67B /* Products */;
			projectDirPath = "";
			projectRoot = "";
			targets = (
				1138E34B278FA3FF00E2F67B /* iOSys - Company Finder */,
				1138E361278FA40200E2F67B /* iOSys - Company FinderTests */,
				1138E36B278FA40200E2F67B /* iOSys - Company FinderUITests */,
			);
		};
/* End PBXProject section */

/* Begin PBXResourcesBuildPhase section */
		1138E34A278FA3FF00E2F67B /* Resources */ = {
			isa = PBXResourcesBuildPhase;
			buildActionMask = 2147483647;
			files = (
				1138E35C278FA40200E2F67B /* LaunchScreen.storyboard in Resources */,
				1138E359278FA40200E2F67B /* Assets.xcassets in Resources */,
				1138E38F278FB4CE00E2F67B /* LoginViewController.xib in Resources */,
			);
			runOnlyForDeploymentPostprocessing = 0;
		};
		1138E360278FA40200E2F67B /* Resources */ = {
			isa = PBXResourcesBuildPhase;
			buildActionMask = 2147483647;
			files = (
			);
			runOnlyForDeploymentPostprocessing = 0;
		};
		1138E36A278FA40200E2F67B /* Resources */ = {
			isa = PBXResourcesBuildPhase;
			buildActionMask = 2147483647;
			files = (
			);
			runOnlyForDeploymentPostprocessing = 0;
		};
/* End PBXResourcesBuildPhase section */

/* Begin PBXShellScriptBuildPhase section */
		0FE867ED542E4E15F9CABB05 /* [CP] Embed Pods Frameworks */ = {
			isa = PBXShellScriptBuildPhase;
			buildActionMask = 2147483647;
			files = (
			);
			inputFileListPaths = (
				"${PODS_ROOT}/Target Support Files/Pods-iOSys - Company Finder-iOSys - Company FinderUITests/Pods-iOSys - Company Finder-iOSys - Company FinderUITests-frameworks-${CONFIGURATION}-input-files.xcfilelist",
			);
			name = "[CP] Embed Pods Frameworks";
			outputFileListPaths = (
				"${PODS_ROOT}/Target Support Files/Pods-iOSys - Company Finder-iOSys - Company FinderUITests/Pods-iOSys - Company Finder-iOSys - Company FinderUITests-frameworks-${CONFIGURATION}-output-files.xcfilelist",
			);
			runOnlyForDeploymentPostprocessing = 0;
			shellPath = /bin/sh;
			shellScript = "\"${PODS_ROOT}/Target Support Files/Pods-iOSys - Company Finder-iOSys - Company FinderUITests/Pods-iOSys - Company Finder-iOSys - Company FinderUITests-frameworks.sh\"\n";
			showEnvVarsInLog = 0;
		};
		4E19F13D42F026FBB8A84C98 /* [CP] Check Pods Manifest.lock */ = {
			isa = PBXShellScriptBuildPhase;
			buildActionMask = 2147483647;
			files = (
			);
			inputFileListPaths = (
			);
			inputPaths = (
				"${PODS_PODFILE_DIR_PATH}/Podfile.lock",
				"${PODS_ROOT}/Manifest.lock",
			);
			name = "[CP] Check Pods Manifest.lock";
			outputFileListPaths = (
			);
			outputPaths = (
				"$(DERIVED_FILE_DIR)/Pods-iOSys - Company Finder-checkManifestLockResult.txt",
			);
			runOnlyForDeploymentPostprocessing = 0;
			shellPath = /bin/sh;
			shellScript = "diff \"${PODS_PODFILE_DIR_PATH}/Podfile.lock\" \"${PODS_ROOT}/Manifest.lock\" > /dev/null\nif [ $? != 0 ] ; then\n    # print error to STDERR\n    echo \"error: The sandbox is not in sync with the Podfile.lock. Run 'pod install' or update your CocoaPods installation.\" >&2\n    exit 1\nfi\n# This output is used by Xcode 'outputs' to avoid re-running this script phase.\necho \"SUCCESS\" > \"${SCRIPT_OUTPUT_FILE_0}\"\n";
			showEnvVarsInLog = 0;
		};
		58CC799C2A29BC6093D27472 /* [CP] Embed Pods Frameworks */ = {
			isa = PBXShellScriptBuildPhase;
			buildActionMask = 2147483647;
			files = (
			);
			inputFileListPaths = (
				"${PODS_ROOT}/Target Support Files/Pods-iOSys - Company Finder/Pods-iOSys - Company Finder-frameworks-${CONFIGURATION}-input-files.xcfilelist",
			);
			name = "[CP] Embed Pods Frameworks";
			outputFileListPaths = (
				"${PODS_ROOT}/Target Support Files/Pods-iOSys - Company Finder/Pods-iOSys - Company Finder-frameworks-${CONFIGURATION}-output-files.xcfilelist",
			);
			runOnlyForDeploymentPostprocessing = 0;
			shellPath = /bin/sh;
			shellScript = "\"${PODS_ROOT}/Target Support Files/Pods-iOSys - Company Finder/Pods-iOSys - Company Finder-frameworks.sh\"\n";
			showEnvVarsInLog = 0;
		};
		851D976334EA5D1B59FD87E4 /* [CP] Check Pods Manifest.lock */ = {
			isa = PBXShellScriptBuildPhase;
			buildActionMask = 2147483647;
			files = (
			);
			inputFileListPaths = (
			);
			inputPaths = (
				"${PODS_PODFILE_DIR_PATH}/Podfile.lock",
				"${PODS_ROOT}/Manifest.lock",
			);
			name = "[CP] Check Pods Manifest.lock";
			outputFileListPaths = (
			);
			outputPaths = (
				"$(DERIVED_FILE_DIR)/Pods-iOSys - Company Finder-iOSys - Company FinderUITests-checkManifestLockResult.txt",
			);
			runOnlyForDeploymentPostprocessing = 0;
			shellPath = /bin/sh;
			shellScript = "diff \"${PODS_PODFILE_DIR_PATH}/Podfile.lock\" \"${PODS_ROOT}/Manifest.lock\" > /dev/null\nif [ $? != 0 ] ; then\n    # print error to STDERR\n    echo \"error: The sandbox is not in sync with the Podfile.lock. Run 'pod install' or update your CocoaPods installation.\" >&2\n    exit 1\nfi\n# This output is used by Xcode 'outputs' to avoid re-running this script phase.\necho \"SUCCESS\" > \"${SCRIPT_OUTPUT_FILE_0}\"\n";
			showEnvVarsInLog = 0;
		};
		F0BD2254DC776769635C3FBA /* [CP] Check Pods Manifest.lock */ = {
			isa = PBXShellScriptBuildPhase;
			buildActionMask = 2147483647;
			files = (
			);
			inputFileListPaths = (
			);
			inputPaths = (
				"${PODS_PODFILE_DIR_PATH}/Podfile.lock",
				"${PODS_ROOT}/Manifest.lock",
			);
			name = "[CP] Check Pods Manifest.lock";
			outputFileListPaths = (
			);
			outputPaths = (
				"$(DERIVED_FILE_DIR)/Pods-iOSys - Company FinderTests-checkManifestLockResult.txt",
			);
			runOnlyForDeploymentPostprocessing = 0;
			shellPath = /bin/sh;
			shellScript = "diff \"${PODS_PODFILE_DIR_PATH}/Podfile.lock\" \"${PODS_ROOT}/Manifest.lock\" > /dev/null\nif [ $? != 0 ] ; then\n    # print error to STDERR\n    echo \"error: The sandbox is not in sync with the Podfile.lock. Run 'pod install' or update your CocoaPods installation.\" >&2\n    exit 1\nfi\n# This output is used by Xcode 'outputs' to avoid re-running this script phase.\necho \"SUCCESS\" > \"${SCRIPT_OUTPUT_FILE_0}\"\n";
			showEnvVarsInLog = 0;
		};
/* End PBXShellScriptBuildPhase section */

/* Begin PBXSourcesBuildPhase section */
		1138E348278FA3FF00E2F67B /* Sources */ = {
			isa = PBXSourcesBuildPhase;
			buildActionMask = 2147483647;
			files = (
				1138E38E278FB4CE00E2F67B /* LoginViewController.swift in Sources */,
				1138E387278FB31A00E2F67B /* LoginCoordinator.swift in Sources */,
				1138E3A3278FC1BF00E2F67B /* BaseViewController.swift in Sources */,
				1138E350278FA3FF00E2F67B /* AppDelegate.swift in Sources */,
				1138E3AC27911EDE00E2F67B /* HeaderManager.swift in Sources */,
				1138E352278FA3FF00E2F67B /* SceneDelegate.swift in Sources */,
				1138E3AA2791053100E2F67B /* Utils.swift in Sources */,
				1138E39B278FBF0700E2F67B /* LoginModel.swift in Sources */,
				1138E385278FB26B00E2F67B /* MainCoordinator.swift in Sources */,
				1138E39E278FC11900E2F67B /* LoginViewModel.swift in Sources */,
				1138E396278FB70A00E2F67B /* LoginService.swift in Sources */,
			);
			runOnlyForDeploymentPostprocessing = 0;
		};
		1138E35E278FA40200E2F67B /* Sources */ = {
			isa = PBXSourcesBuildPhase;
			buildActionMask = 2147483647;
			files = (
				1138E367278FA40200E2F67B /* iOSys___Company_FinderTests.swift in Sources */,
			);
			runOnlyForDeploymentPostprocessing = 0;
		};
		1138E368278FA40200E2F67B /* Sources */ = {
			isa = PBXSourcesBuildPhase;
			buildActionMask = 2147483647;
			files = (
				1138E373278FA40200E2F67B /* iOSys___Company_FinderUITestsLaunchTests.swift in Sources */,
				1138E371278FA40200E2F67B /* iOSys___Company_FinderUITests.swift in Sources */,
			);
			runOnlyForDeploymentPostprocessing = 0;
		};
/* End PBXSourcesBuildPhase section */

/* Begin PBXTargetDependency section */
		1138E364278FA40200E2F67B /* PBXTargetDependency */ = {
			isa = PBXTargetDependency;
			target = 1138E34B278FA3FF00E2F67B /* iOSys - Company Finder */;
			targetProxy = 1138E363278FA40200E2F67B /* PBXContainerItemProxy */;
		};
		1138E36E278FA40200E2F67B /* PBXTargetDependency */ = {
			isa = PBXTargetDependency;
			target = 1138E34B278FA3FF00E2F67B /* iOSys - Company Finder */;
			targetProxy = 1138E36D278FA40200E2F67B /* PBXContainerItemProxy */;
		};
/* End PBXTargetDependency section */

/* Begin PBXVariantGroup section */
		1138E35A278FA40200E2F67B /* LaunchScreen.storyboard */ = {
			isa = PBXVariantGroup;
			children = (
				1138E35B278FA40200E2F67B /* Base */,
			);
			name = LaunchScreen.storyboard;
			sourceTree = "<group>";
		};
/* End PBXVariantGroup section */

/* Begin XCBuildConfiguration section */
		1138E374278FA40200E2F67B /* Debug */ = {
			isa = XCBuildConfiguration;
			buildSettings = {
				ALWAYS_SEARCH_USER_PATHS = NO;
				CLANG_ANALYZER_NONNULL = YES;
				CLANG_ANALYZER_NUMBER_OBJECT_CONVERSION = YES_AGGRESSIVE;
				CLANG_CXX_LANGUAGE_STANDARD = "gnu++17";
				CLANG_CXX_LIBRARY = "libc++";
				CLANG_ENABLE_MODULES = YES;
				CLANG_ENABLE_OBJC_ARC = YES;
				CLANG_ENABLE_OBJC_WEAK = YES;
				CLANG_WARN_BLOCK_CAPTURE_AUTORELEASING = YES;
				CLANG_WARN_BOOL_CONVERSION = YES;
				CLANG_WARN_COMMA = YES;
				CLANG_WARN_CONSTANT_CONVERSION = YES;
				CLANG_WARN_DEPRECATED_OBJC_IMPLEMENTATIONS = YES;
				CLANG_WARN_DIRECT_OBJC_ISA_USAGE = YES_ERROR;
				CLANG_WARN_DOCUMENTATION_COMMENTS = YES;
				CLANG_WARN_EMPTY_BODY = YES;
				CLANG_WARN_ENUM_CONVERSION = YES;
				CLANG_WARN_INFINITE_RECURSION = YES;
				CLANG_WARN_INT_CONVERSION = YES;
				CLANG_WARN_NON_LITERAL_NULL_CONVERSION = YES;
				CLANG_WARN_OBJC_IMPLICIT_RETAIN_SELF = YES;
				CLANG_WARN_OBJC_LITERAL_CONVERSION = YES;
				CLANG_WARN_OBJC_ROOT_CLASS = YES_ERROR;
				CLANG_WARN_QUOTED_INCLUDE_IN_FRAMEWORK_HEADER = YES;
				CLANG_WARN_RANGE_LOOP_ANALYSIS = YES;
				CLANG_WARN_STRICT_PROTOTYPES = YES;
				CLANG_WARN_SUSPICIOUS_MOVE = YES;
				CLANG_WARN_UNGUARDED_AVAILABILITY = YES_AGGRESSIVE;
				CLANG_WARN_UNREACHABLE_CODE = YES;
				CLANG_WARN__DUPLICATE_METHOD_MATCH = YES;
				COPY_PHASE_STRIP = NO;
				DEBUG_INFORMATION_FORMAT = dwarf;
				ENABLE_STRICT_OBJC_MSGSEND = YES;
				ENABLE_TESTABILITY = YES;
				GCC_C_LANGUAGE_STANDARD = gnu11;
				GCC_DYNAMIC_NO_PIC = NO;
				GCC_NO_COMMON_BLOCKS = YES;
				GCC_OPTIMIZATION_LEVEL = 0;
				GCC_PREPROCESSOR_DEFINITIONS = (
					"DEBUG=1",
					"$(inherited)",
				);
				GCC_WARN_64_TO_32_BIT_CONVERSION = YES;
				GCC_WARN_ABOUT_RETURN_TYPE = YES_ERROR;
				GCC_WARN_UNDECLARED_SELECTOR = YES;
				GCC_WARN_UNINITIALIZED_AUTOS = YES_AGGRESSIVE;
				GCC_WARN_UNUSED_FUNCTION = YES;
				GCC_WARN_UNUSED_VARIABLE = YES;
				IPHONEOS_DEPLOYMENT_TARGET = 15.0;
				MTL_ENABLE_DEBUG_INFO = INCLUDE_SOURCE;
				MTL_FAST_MATH = YES;
				ONLY_ACTIVE_ARCH = YES;
				SDKROOT = iphoneos;
				SWIFT_ACTIVE_COMPILATION_CONDITIONS = DEBUG;
				SWIFT_OPTIMIZATION_LEVEL = "-Onone";
			};
			name = Debug;
		};
		1138E375278FA40200E2F67B /* Release */ = {
			isa = XCBuildConfiguration;
			buildSettings = {
				ALWAYS_SEARCH_USER_PATHS = NO;
				CLANG_ANALYZER_NONNULL = YES;
				CLANG_ANALYZER_NUMBER_OBJECT_CONVERSION = YES_AGGRESSIVE;
				CLANG_CXX_LANGUAGE_STANDARD = "gnu++17";
				CLANG_CXX_LIBRARY = "libc++";
				CLANG_ENABLE_MODULES = YES;
				CLANG_ENABLE_OBJC_ARC = YES;
				CLANG_ENABLE_OBJC_WEAK = YES;
				CLANG_WARN_BLOCK_CAPTURE_AUTORELEASING = YES;
				CLANG_WARN_BOOL_CONVERSION = YES;
				CLANG_WARN_COMMA = YES;
				CLANG_WARN_CONSTANT_CONVERSION = YES;
				CLANG_WARN_DEPRECATED_OBJC_IMPLEMENTATIONS = YES;
				CLANG_WARN_DIRECT_OBJC_ISA_USAGE = YES_ERROR;
				CLANG_WARN_DOCUMENTATION_COMMENTS = YES;
				CLANG_WARN_EMPTY_BODY = YES;
				CLANG_WARN_ENUM_CONVERSION = YES;
				CLANG_WARN_INFINITE_RECURSION = YES;
				CLANG_WARN_INT_CONVERSION = YES;
				CLANG_WARN_NON_LITERAL_NULL_CONVERSION = YES;
				CLANG_WARN_OBJC_IMPLICIT_RETAIN_SELF = YES;
				CLANG_WARN_OBJC_LITERAL_CONVERSION = YES;
				CLANG_WARN_OBJC_ROOT_CLASS = YES_ERROR;
				CLANG_WARN_QUOTED_INCLUDE_IN_FRAMEWORK_HEADER = YES;
				CLANG_WARN_RANGE_LOOP_ANALYSIS = YES;
				CLANG_WARN_STRICT_PROTOTYPES = YES;
				CLANG_WARN_SUSPICIOUS_MOVE = YES;
				CLANG_WARN_UNGUARDED_AVAILABILITY = YES_AGGRESSIVE;
				CLANG_WARN_UNREACHABLE_CODE = YES;
				CLANG_WARN__DUPLICATE_METHOD_MATCH = YES;
				COPY_PHASE_STRIP = NO;
				DEBUG_INFORMATION_FORMAT = "dwarf-with-dsym";
				ENABLE_NS_ASSERTIONS = NO;
				ENABLE_STRICT_OBJC_MSGSEND = YES;
				GCC_C_LANGUAGE_STANDARD = gnu11;
				GCC_NO_COMMON_BLOCKS = YES;
				GCC_WARN_64_TO_32_BIT_CONVERSION = YES;
				GCC_WARN_ABOUT_RETURN_TYPE = YES_ERROR;
				GCC_WARN_UNDECLARED_SELECTOR = YES;
				GCC_WARN_UNINITIALIZED_AUTOS = YES_AGGRESSIVE;
				GCC_WARN_UNUSED_FUNCTION = YES;
				GCC_WARN_UNUSED_VARIABLE = YES;
				IPHONEOS_DEPLOYMENT_TARGET = 15.0;
				MTL_ENABLE_DEBUG_INFO = NO;
				MTL_FAST_MATH = YES;
				SDKROOT = iphoneos;
				SWIFT_COMPILATION_MODE = wholemodule;
				SWIFT_OPTIMIZATION_LEVEL = "-O";
				VALIDATE_PRODUCT = YES;
			};
			name = Release;
		};
		1138E377278FA40200E2F67B /* Debug */ = {
			isa = XCBuildConfiguration;
			baseConfigurationReference = 776C90869EF96BB7C9A5A28E /* Pods-iOSys - Company Finder.debug.xcconfig */;
			buildSettings = {
				ASSETCATALOG_COMPILER_APPICON_NAME = AppIcon;
				ASSETCATALOG_COMPILER_GLOBAL_ACCENT_COLOR_NAME = AccentColor;
				CODE_SIGN_STYLE = Automatic;
				CURRENT_PROJECT_VERSION = 1;
				DEVELOPMENT_TEAM = 8SM9A2F6Y9;
				GENERATE_INFOPLIST_FILE = YES;
				INFOPLIST_FILE = "iOSys - Company Finder/Info.plist";
				INFOPLIST_KEY_UIApplicationSupportsIndirectInputEvents = YES;
				INFOPLIST_KEY_UILaunchStoryboardName = LaunchScreen;
				INFOPLIST_KEY_UISupportedInterfaceOrientations_iPad = "UIInterfaceOrientationPortrait UIInterfaceOrientationPortraitUpsideDown UIInterfaceOrientationLandscapeLeft UIInterfaceOrientationLandscapeRight";
				INFOPLIST_KEY_UISupportedInterfaceOrientations_iPhone = "UIInterfaceOrientationPortrait UIInterfaceOrientationLandscapeLeft UIInterfaceOrientationLandscapeRight";
				LD_RUNPATH_SEARCH_PATHS = (
					"$(inherited)",
					"@executable_path/Frameworks",
				);
				MARKETING_VERSION = 1.0;
				PRODUCT_BUNDLE_IDENTIFIER = "br.com.gsantos.iOSys---Company-Finder";
				PRODUCT_NAME = "$(TARGET_NAME)";
				SWIFT_EMIT_LOC_STRINGS = YES;
				SWIFT_VERSION = 5.0;
				TARGETED_DEVICE_FAMILY = "1,2";
			};
			name = Debug;
		};
		1138E378278FA40200E2F67B /* Release */ = {
			isa = XCBuildConfiguration;
			baseConfigurationReference = 566C6B0DD90F265B84FB42E2 /* Pods-iOSys - Company Finder.release.xcconfig */;
			buildSettings = {
				ASSETCATALOG_COMPILER_APPICON_NAME = AppIcon;
				ASSETCATALOG_COMPILER_GLOBAL_ACCENT_COLOR_NAME = AccentColor;
				CODE_SIGN_STYLE = Automatic;
				CURRENT_PROJECT_VERSION = 1;
				DEVELOPMENT_TEAM = 8SM9A2F6Y9;
				GENERATE_INFOPLIST_FILE = YES;
				INFOPLIST_FILE = "iOSys - Company Finder/Info.plist";
				INFOPLIST_KEY_UIApplicationSupportsIndirectInputEvents = YES;
				INFOPLIST_KEY_UILaunchStoryboardName = LaunchScreen;
				INFOPLIST_KEY_UISupportedInterfaceOrientations_iPad = "UIInterfaceOrientationPortrait UIInterfaceOrientationPortraitUpsideDown UIInterfaceOrientationLandscapeLeft UIInterfaceOrientationLandscapeRight";
				INFOPLIST_KEY_UISupportedInterfaceOrientations_iPhone = "UIInterfaceOrientationPortrait UIInterfaceOrientationLandscapeLeft UIInterfaceOrientationLandscapeRight";
				LD_RUNPATH_SEARCH_PATHS = (
					"$(inherited)",
					"@executable_path/Frameworks",
				);
				MARKETING_VERSION = 1.0;
				PRODUCT_BUNDLE_IDENTIFIER = "br.com.gsantos.iOSys---Company-Finder";
				PRODUCT_NAME = "$(TARGET_NAME)";
				SWIFT_EMIT_LOC_STRINGS = YES;
				SWIFT_VERSION = 5.0;
				TARGETED_DEVICE_FAMILY = "1,2";
			};
			name = Release;
		};
		1138E37A278FA40200E2F67B /* Debug */ = {
			isa = XCBuildConfiguration;
			baseConfigurationReference = C8DBD4BDA18DE8573C600E26 /* Pods-iOSys - Company FinderTests.debug.xcconfig */;
			buildSettings = {
				ALWAYS_EMBED_SWIFT_STANDARD_LIBRARIES = YES;
				BUNDLE_LOADER = "$(TEST_HOST)";
				CODE_SIGN_STYLE = Automatic;
				CURRENT_PROJECT_VERSION = 1;
				DEVELOPMENT_TEAM = 8SM9A2F6Y9;
				GENERATE_INFOPLIST_FILE = YES;
				IPHONEOS_DEPLOYMENT_TARGET = 15.0;
				LD_RUNPATH_SEARCH_PATHS = (
					"$(inherited)",
					"@executable_path/Frameworks",
					"@loader_path/Frameworks",
				);
				MARKETING_VERSION = 1.0;
				PRODUCT_BUNDLE_IDENTIFIER = "br.com.gsantos.iOSys---Company-FinderTests";
				PRODUCT_NAME = "$(TARGET_NAME)";
				SWIFT_EMIT_LOC_STRINGS = NO;
				SWIFT_VERSION = 5.0;
				TARGETED_DEVICE_FAMILY = "1,2";
				TEST_HOST = "$(BUILT_PRODUCTS_DIR)/iOSys - Company Finder.app/iOSys - Company Finder";
			};
			name = Debug;
		};
		1138E37B278FA40200E2F67B /* Release */ = {
			isa = XCBuildConfiguration;
			baseConfigurationReference = 7B489417A0EFECC499CA555F /* Pods-iOSys - Company FinderTests.release.xcconfig */;
			buildSettings = {
				ALWAYS_EMBED_SWIFT_STANDARD_LIBRARIES = YES;
				BUNDLE_LOADER = "$(TEST_HOST)";
				CODE_SIGN_STYLE = Automatic;
				CURRENT_PROJECT_VERSION = 1;
				DEVELOPMENT_TEAM = 8SM9A2F6Y9;
				GENERATE_INFOPLIST_FILE = YES;
				IPHONEOS_DEPLOYMENT_TARGET = 15.0;
				LD_RUNPATH_SEARCH_PATHS = (
					"$(inherited)",
					"@executable_path/Frameworks",
					"@loader_path/Frameworks",
				);
				MARKETING_VERSION = 1.0;
				PRODUCT_BUNDLE_IDENTIFIER = "br.com.gsantos.iOSys---Company-FinderTests";
				PRODUCT_NAME = "$(TARGET_NAME)";
				SWIFT_EMIT_LOC_STRINGS = NO;
				SWIFT_VERSION = 5.0;
				TARGETED_DEVICE_FAMILY = "1,2";
				TEST_HOST = "$(BUILT_PRODUCTS_DIR)/iOSys - Company Finder.app/iOSys - Company Finder";
			};
			name = Release;
		};
		1138E37D278FA40200E2F67B /* Debug */ = {
			isa = XCBuildConfiguration;
			baseConfigurationReference = 79AD966592AE916AA6F98E96 /* Pods-iOSys - Company Finder-iOSys - Company FinderUITests.debug.xcconfig */;
			buildSettings = {
				ALWAYS_EMBED_SWIFT_STANDARD_LIBRARIES = YES;
				CODE_SIGN_STYLE = Automatic;
				CURRENT_PROJECT_VERSION = 1;
				DEVELOPMENT_TEAM = 8SM9A2F6Y9;
				GENERATE_INFOPLIST_FILE = YES;
				LD_RUNPATH_SEARCH_PATHS = (
					"$(inherited)",
					"@executable_path/Frameworks",
					"@loader_path/Frameworks",
				);
				MARKETING_VERSION = 1.0;
				PRODUCT_BUNDLE_IDENTIFIER = "br.com.gsantos.iOSys---Company-FinderUITests";
				PRODUCT_NAME = "$(TARGET_NAME)";
				SWIFT_EMIT_LOC_STRINGS = NO;
				SWIFT_VERSION = 5.0;
				TARGETED_DEVICE_FAMILY = "1,2";
				TEST_TARGET_NAME = "iOSys - Company Finder";
			};
			name = Debug;
		};
		1138E37E278FA40200E2F67B /* Release */ = {
			isa = XCBuildConfiguration;
			baseConfigurationReference = ED9BCCE70707621DF0897E99 /* Pods-iOSys - Company Finder-iOSys - Company FinderUITests.release.xcconfig */;
			buildSettings = {
				ALWAYS_EMBED_SWIFT_STANDARD_LIBRARIES = YES;
				CODE_SIGN_STYLE = Automatic;
				CURRENT_PROJECT_VERSION = 1;
				DEVELOPMENT_TEAM = 8SM9A2F6Y9;
				GENERATE_INFOPLIST_FILE = YES;
				LD_RUNPATH_SEARCH_PATHS = (
					"$(inherited)",
					"@executable_path/Frameworks",
					"@loader_path/Frameworks",
				);
				MARKETING_VERSION = 1.0;
				PRODUCT_BUNDLE_IDENTIFIER = "br.com.gsantos.iOSys---Company-FinderUITests";
				PRODUCT_NAME = "$(TARGET_NAME)";
				SWIFT_EMIT_LOC_STRINGS = NO;
				SWIFT_VERSION = 5.0;
				TARGETED_DEVICE_FAMILY = "1,2";
				TEST_TARGET_NAME = "iOSys - Company Finder";
			};
			name = Release;
		};
/* End XCBuildConfiguration section */

/* Begin XCConfigurationList section */
		1138E347278FA3FF00E2F67B /* Build configuration list for PBXProject "iOSys - Company Finder" */ = {
			isa = XCConfigurationList;
			buildConfigurations = (
				1138E374278FA40200E2F67B /* Debug */,
				1138E375278FA40200E2F67B /* Release */,
			);
			defaultConfigurationIsVisible = 0;
			defaultConfigurationName = Release;
		};
		1138E376278FA40200E2F67B /* Build configuration list for PBXNativeTarget "iOSys - Company Finder" */ = {
			isa = XCConfigurationList;
			buildConfigurations = (
				1138E377278FA40200E2F67B /* Debug */,
				1138E378278FA40200E2F67B /* Release */,
			);
			defaultConfigurationIsVisible = 0;
			defaultConfigurationName = Release;
		};
		1138E379278FA40200E2F67B /* Build configuration list for PBXNativeTarget "iOSys - Company FinderTests" */ = {
			isa = XCConfigurationList;
			buildConfigurations = (
				1138E37A278FA40200E2F67B /* Debug */,
				1138E37B278FA40200E2F67B /* Release */,
			);
			defaultConfigurationIsVisible = 0;
			defaultConfigurationName = Release;
		};
		1138E37C278FA40200E2F67B /* Build configuration list for PBXNativeTarget "iOSys - Company FinderUITests" */ = {
			isa = XCConfigurationList;
			buildConfigurations = (
				1138E37D278FA40200E2F67B /* Debug */,
				1138E37E278FA40200E2F67B /* Release */,
			);
			defaultConfigurationIsVisible = 0;
			defaultConfigurationName = Release;
		};
/* End XCConfigurationList section */
	};
	rootObject = 1138E344278FA3FF00E2F67B /* Project object */;
}
